// !$*UTF8*$!
{
	archiveVersion = 1;
	classes = {
	};
	objectVersion = 71;
	objects = {

/* Begin PBXBuildFile section */
		557467D9E7EB5F84C173F490 /* Cocoa.framework in Frameworks */ = {isa = PBXBuildFile; fileRef = 7B30240323F89DCF6CE5F418 /* Cocoa.framework */; };
		7C3A1A2B4D5E6F708192A3B4 /* Assets.xcassets in Resources */ = {isa = PBXBuildFile; fileRef = D9F1BC3D3064FFFD002DF32C /* Assets.xcassets */; };
		D9DE85073064FCB800D8379A /* SettingsView.swift in Sources */ = {isa = PBXBuildFile; fileRef = D9DE85063064FCB800D8379A /* SettingsView.swift */; };
		D9DE85083064FCB800D8379A /* ContentView.swift in Sources */ = {isa = PBXBuildFile; fileRef = D9DE85043064FCB800D8379A /* ContentView.swift */; };
		D9DE85093064FCB800D8379A /* OutputLogView.swift in Sources */ = {isa = PBXBuildFile; fileRef = D9DE85053064FCB800D8379A /* OutputLogView.swift */; };
		D9DE85163064FD0300D8379A /* KeychainTokenStore.swift in Sources */ = {isa = PBXBuildFile; fileRef = D9DE85143064FD0300D8379A /* KeychainTokenStore.swift */; };
		D9DE85173064FD0300D8379A /* SettingsStore.swift in Sources */ = {isa = PBXBuildFile; fileRef = D9DE85153064FD0300D8379A /* SettingsStore.swift */; };
		D9DE85183064FD0300D8379A /* DownloadsReportRunner.swift in Sources */ = {isa = PBXBuildFile; fileRef = D9DE85123064FD0300D8379A /* DownloadsReportRunner.swift */; };
		D9DE85193064FD0300D8379A /* AppViewModel.swift in Sources */ = {isa = PBXBuildFile; fileRef = D9DE85113064FD0300D8379A /* AppViewModel.swift */; };
		D9DE851A3064FD0300D8379A /* GitHubAPI.swift in Sources */ = {isa = PBXBuildFile; fileRef = D9DE85133064FD0300D8379A /* GitHubAPI.swift */; };
		DA28A0703071A38700123456 /* GHTotalDownloadsApp.swift in Sources */ = {isa = PBXBuildFile; fileRef = DA28A06F3071A38700123456 /* GHTotalDownloadsApp.swift */; };
/* End PBXBuildFile section */

/* Begin PBXFileReference section */
		7B30240323F89DCF6CE5F418 /* Cocoa.framework */ = {isa = PBXFileReference; lastKnownFileType = wrapper.framework; name = Cocoa.framework; path = System/Library/Frameworks/Cocoa.framework; sourceTree = SDKROOT; };
		B66155C44C3EA1D11F62A525 /* GH Total Downloads.app */ = {isa = PBXFileReference; explicitFileType = wrapper.application; includeInIndex = 0; path = "GH Total Downloads.app"; sourceTree = BUILT_PRODUCTS_DIR; };
		D9DE84FF3064FC3B00D8379A /* XCTest.framework */ = {isa = PBXFileReference; lastKnownFileType = wrapper.framework; name = XCTest.framework; path = Platforms/MacOSX.platform/Developer/Library/Frameworks/XCTest.framework; sourceTree = DEVELOPER_DIR; };
		D9DE85043064FCB800D8379A /* ContentView.swift */ = {isa = PBXFileReference; lastKnownFileType = sourcecode.swift; path = ContentView.swift; sourceTree = "<group>"; };
		D9DE85053064FCB800D8379A /* OutputLogView.swift */ = {isa = PBXFileReference; lastKnownFileType = sourcecode.swift; path = OutputLogView.swift; sourceTree = "<group>"; };
		D9DE85063064FCB800D8379A /* SettingsView.swift */ = {isa = PBXFileReference; lastKnownFileType = sourcecode.swift; path = SettingsView.swift; sourceTree = "<group>"; };
		D9DE85113064FD0300D8379A /* AppViewModel.swift */ = {isa = PBXFileReference; lastKnownFileType = sourcecode.swift; path = AppViewModel.swift; sourceTree = "<group>"; };
		D9DE85123064FD0300D8379A /* DownloadsReportRunner.swift */ = {isa = PBXFileReference; lastKnownFileType = sourcecode.swift; path = DownloadsReportRunner.swift; sourceTree = "<group>"; };
		D9DE85133064FD0300D8379A /* GitHubAPI.swift */ = {isa = PBXFileReference; lastKnownFileType = sourcecode.swift; path = GitHubAPI.swift; sourceTree = "<group>"; };
		D9DE85143064FD0300D8379A /* KeychainTokenStore.swift */ = {isa = PBXFileReference; lastKnownFileType = sourcecode.swift; path = KeychainTokenStore.swift; sourceTree = "<group>"; };
		D9DE85153064FD0300D8379A /* SettingsStore.swift */ = {isa = PBXFileReference; lastKnownFileType = sourcecode.swift; path = SettingsStore.swift; sourceTree = "<group>"; };
		D9EE858330668BB800FDC695 /* GHTotalDownloads.entitlements */ = {isa = PBXFileReference; lastKnownFileType = text.plist.entitlements; path = GHTotalDownloads.entitlements; sourceTree = "<group>"; };
		D9F1BC3D3064FFFD002DF32C /* Assets.xcassets */ = {isa = PBXFileReference; lastKnownFileType = folder.assetcatalog; path = Assets.xcassets; sourceTree = "<group>"; };
		DA28A06F3071A38700123456 /* GHTotalDownloadsApp.swift */ = {isa = PBXFileReference; lastKnownFileType = sourcecode.swift; path = GHTotalDownloadsApp.swift; sourceTree = "<group>"; };
/* End PBXFileReference section */

/* Begin PBXFrameworksBuildPhase section */
		D9F5C9FCA7F956CA2D76C862 /* Frameworks */ = {
			isa = PBXFrameworksBuildPhase;
			buildActionMask = 2147483647;
			files = (
				557467D9E7EB5F84C173F490 /* Cocoa.framework in Frameworks */,
			);
			runOnlyForDeploymentPostprocessing = 0;
		};
/* End PBXFrameworksBuildPhase section */

/* Begin PBXGroup section */
		0D8F89F18F2F08AE9C06C32B = {
			isa = PBXGroup;
			children = (
				D9F1BC3D3064FFFD002DF32C /* Assets.xcassets */,
				F3DF843F22BACB29EA9C5732 /* Frameworks */,
				D9EE858330668BB800FDC695 /* GHTotalDownloads.entitlements */,
				DA28A06F3071A38700123456 /* GHTotalDownloadsApp.swift */,
				D9DE850A3064FCC400D8379A /* Model */,
				1CCC9C12117F65EEF3C0526A /* Products */,
				D9DE85033064FC6C00D8379A /* Views */,
			);
			sourceTree = "<group>";
		};
		1CCC9C12117F65EEF3C0526A /* Products */ = {
			isa = PBXGroup;
			children = (
				B66155C44C3EA1D11F62A525 /* GH Total Downloads.app */,
			);
			name = Products;
			sourceTree = "<group>";
		};
		D9DE85033064FC6C00D8379A /* Views */ = {
			isa = PBXGroup;
			children = (
				D9DE85043064FCB800D8379A /* ContentView.swift */,
				D9DE85053064FCB800D8379A /* OutputLogView.swift */,
				D9DE85063064FCB800D8379A /* SettingsView.swift */,
			);
			path = Views;
			sourceTree = "<group>";
		};
		D9DE850A3064FCC400D8379A /* Model */ = {
			isa = PBXGroup;
			children = (
				D9DE85113064FD0300D8379A /* AppViewModel.swift */,
				D9DE85123064FD0300D8379A /* DownloadsReportRunner.swift */,
				D9DE85133064FD0300D8379A /* GitHubAPI.swift */,
				D9DE85143064FD0300D8379A /* KeychainTokenStore.swift */,
				D9DE85153064FD0300D8379A /* SettingsStore.swift */,
			);
			path = Model;
			sourceTree = "<group>";
		};
		F3DF843F22BACB29EA9C5732 /* Frameworks */ = {
			isa = PBXGroup;
			children = (
				7B30240323F89DCF6CE5F418 /* Cocoa.framework */,
				D9DE84FF3064FC3B00D8379A /* XCTest.framework */,
			);
			name = Frameworks;
			sourceTree = "<group>";
		};
/* End PBXGroup section */

/* Begin PBXNativeTarget section */
		47FD8962444DA72CCD8ABBF7 /* GH Total Downloads */ = {
			isa = PBXNativeTarget;
			buildConfigurationList = A84034A218FDB6EA3AEC917F /* Build configuration list for PBXNativeTarget "GH Total Downloads" */;
			buildPhases = (
				30C56858D36378AD204CF40F /* Sources */,
				D9F5C9FCA7F956CA2D76C862 /* Frameworks */,
				28772C06D8132760AA95338B /* Resources */,
			);
			buildRules = (
			);
			dependencies = (
			);
			name = "GH Total Downloads";
			productName = GHTotalDownloadsApp;
			productReference = B66155C44C3EA1D11F62A525 /* GH Total Downloads.app */;
			productType = "com.apple.product-type.application";
		};
/* End PBXNativeTarget section */

/* Begin PBXProject section */
		AC2503AB7A638BDD60EBC08F /* Project object */ = {
			isa = PBXProject;
			attributes = {
				LastSwiftUpdateCheck = 1600;
				LastUpgradeCheck = 1600;
			};
			buildConfigurationList = A67B7790AF606BBF45C8D733 /* Build configuration list for PBXProject "GHTotalDownloads" */;
			compatibilityVersion = "Xcode 16.0";
			developmentRegion = en;
			hasScannedForEncodings = 0;
			knownRegions = (
				en,
			);
			mainGroup = 0D8F89F18F2F08AE9C06C32B;
			productRefGroup = 1CCC9C12117F65EEF3C0526A /* Products */;
			projectDirPath = "";
			projectRoot = "";
			targets = (
				47FD8962444DA72CCD8ABBF7 /* GH Total Downloads */,
			);
		};
/* End PBXProject section */

/* Begin PBXResourcesBuildPhase section */
		28772C06D8132760AA95338B /* Resources */ = {
			isa = PBXResourcesBuildPhase;
			buildActionMask = 2147483647;
			files = (
				7C3A1A2B4D5E6F708192A3B4 /* Assets.xcassets in Resources */,
			);
			runOnlyForDeploymentPostprocessing = 0;
		};
/* End PBXResourcesBuildPhase section */

/* Begin PBXSourcesBuildPhase section */
		30C56858D36378AD204CF40F /* Sources */ = {
			isa = PBXSourcesBuildPhase;
			buildActionMask = 2147483647;
			files = (
				DA28A0703071A38700123456 /* GHTotalDownloadsApp.swift in Sources */,
				D9DE85073064FCB800D8379A /* SettingsView.swift in Sources */,
				D9DE85163064FD0300D8379A /* KeychainTokenStore.swift in Sources */,
				D9DE85173064FD0300D8379A /* SettingsStore.swift in Sources */,
				D9DE85183064FD0300D8379A /* DownloadsReportRunner.swift in Sources */,
				D9DE85193064FD0300D8379A /* AppViewModel.swift in Sources */,
				D9DE851A3064FD0300D8379A /* GitHubAPI.swift in Sources */,
				D9DE85083064FCB800D8379A /* ContentView.swift in Sources */,
				D9DE85093064FCB800D8379A /* OutputLogView.swift in Sources */,
			);
			runOnlyForDeploymentPostprocessing = 0;
		};
/* End PBXSourcesBuildPhase section */

/* Begin XCBuildConfiguration section */
		8254DF56B782A0D8AAC1C9DA /* Release */ = {
			isa = XCBuildConfiguration;
			buildSettings = {
				ASSETCATALOG_COMPILER_APPICON_NAME = AppIcon;
				ASSETCATALOG_COMPILER_GLOBAL_ACCENT_COLOR_NAME = AccentColor;
				AUTOMATION_APPLE_EVENTS = NO;
				CODE_SIGNING_ALLOWED = YES;
				CODE_SIGNING_REQUIRED = YES;
				CODE_SIGN_ENTITLEMENTS = GHTotalDownloads.entitlements;
				CODE_SIGN_IDENTITY = "Developer ID Application";
				CODE_SIGN_STYLE = Manual;
				COMBINE_HIDPI_IMAGES = YES;
				CURRENT_PROJECT_VERSION = 0110;
				DEVELOPMENT_TEAM = ER43ZD2S4U;
				ENABLE_HARDENED_RUNTIME = YES;
				ENABLE_RESOURCE_ACCESS_AUDIO_INPUT = NO;
				ENABLE_RESOURCE_ACCESS_CALENDARS = NO;
				ENABLE_RESOURCE_ACCESS_CAMERA = NO;
				ENABLE_RESOURCE_ACCESS_CONTACTS = NO;
				ENABLE_RESOURCE_ACCESS_LOCATION = NO;
				ENABLE_RESOURCE_ACCESS_PHOTO_LIBRARY = NO;
				GENERATE_INFOPLIST_FILE = YES;
				INFOPLIST_KEY_CFBundleDisplayName = "GitHub Total Downloads";
				INFOPLIST_KEY_LSApplicationCategoryType = "public.app-category.developer-tools";
				INFOPLIST_KEY_NSHumanReadableCopyright = "Copyright © 2026 perez987";
				INFOPLIST_KEY_NSPrincipalClass = NSApplication;
				LD_RUNPATH_SEARCH_PATHS = (
					"$(inherited)",
					"@executable_path/../Frameworks",
				);
				MACOSX_DEPLOYMENT_TARGET = 14.0;
				MARKETING_VERSION = 1.1.0;
				PRODUCT_BUNDLE_IDENTIFIER = perez987.GHTotalDownloadsApp;
				PRODUCT_NAME = "$(TARGET_NAME)";
				PROVISIONING_PROFILE_SPECIFIER = "";
				RUNTIME_EXCEPTION_ALLOW_DYLD_ENVIRONMENT_VARIABLES = NO;
				RUNTIME_EXCEPTION_ALLOW_JIT = NO;
				RUNTIME_EXCEPTION_ALLOW_UNSIGNED_EXECUTABLE_MEMORY = NO;
				RUNTIME_EXCEPTION_DEBUGGING_TOOL = NO;
				RUNTIME_EXCEPTION_DISABLE_EXECUTABLE_PAGE_PROTECTION = NO;
				RUNTIME_EXCEPTION_DISABLE_LIBRARY_VALIDATION = NO;
				SDKROOT = macosx;
				SWIFT_EMIT_LOC_STRINGS = YES;
				SWIFT_VERSION = 5.0;
			};
			name = Release;
		};
		CFB135F1B8FF654E720660C1 /* Release */ = {
			isa = XCBuildConfiguration;
			buildSettings = {
				ALWAYS_SEARCH_USER_PATHS = NO;
				CLANG_ANALYZER_NONNULL = YES;
				CLANG_ANALYZER_NUMBER_OBJECT_CONVERSION = YES_AGGRESSIVE;
				CLANG_CXX_LANGUAGE_STANDARD = "gnu++14";
				CLANG_CXX_LIBRARY = "libc++";
				CLANG_ENABLE_MODULES = YES;
				CLANG_ENABLE_OBJC_ARC = YES;
				CLANG_ENABLE_OBJC_WEAK = YES;
				CLANG_WARN_BLOCK_CAPTURE_AUTORELEASING = YES;
				CLANG_WARN_BOOL_CONVERSION = YES;
				CLANG_WARN_COMMA = YES;
				CLANG_WARN_CONSTANT_CONVERSION = YES;
				CLANG_WARN_DEPRECATED_OBJC_IMPLEMENTATIONS = YES;
				CLANG_WARN_DIRECT_OBJC_ISA_USAGE = YES_ERROR;
				CLANG_WARN_DOCUMENTATION_COMMENTS = YES;
				CLANG_WARN_EMPTY_BODY = YES;
				CLANG_WARN_ENUM_CONVERSION = YES;
				CLANG_WARN_INFINITE_RECURSION = YES;
				CLANG_WARN_INT_CONVERSION = YES;
				CLANG_WARN_NON_LITERAL_NULL_CONVERSION = YES;
				CLANG_WARN_OBJC_IMPLICIT_RETAIN_SELF = YES;
				CLANG_WARN_OBJC_LITERAL_CONVERSION = YES;
				CLANG_WARN_OBJC_ROOT_CLASS = YES_ERROR;
				CLANG_WARN_QUOTED_INCLUDE_IN_FRAMEWORK_HEADER = YES;
				CLANG_WARN_RANGE_LOOP_ANALYSIS = YES;
				CLANG_WARN_STRICT_PROTOTYPES = YES;
				CLANG_WARN_SUSPICIOUS_MOVE = YES;
				CLANG_WARN_UNGUARDED_AVAILABILITY = YES_AGGRESSIVE;
				CLANG_WARN_UNREACHABLE_CODE = YES;
				CLANG_WARN__DUPLICATE_METHOD_MATCH = YES;
				COPY_PHASE_STRIP = NO;
				DEBUG_INFORMATION_FORMAT = "dwarf-with-dsym";
				ENABLE_NS_ASSERTIONS = NO;
				ENABLE_STRICT_OBJC_MSGSEND = YES;
				GCC_C_LANGUAGE_STANDARD = gnu11;
				GCC_NO_COMMON_BLOCKS = YES;
				GCC_WARN_64_TO_32_BIT_CONVERSION = YES;
				GCC_WARN_ABOUT_RETURN_TYPE = YES_ERROR;
				GCC_WARN_UNDECLARED_SELECTOR = YES;
				GCC_WARN_UNINITIALIZED_AUTOS = YES_AGGRESSIVE;
				GCC_WARN_UNUSED_FUNCTION = YES;
				GCC_WARN_UNUSED_VARIABLE = YES;
				MACOSX_DEPLOYMENT_TARGET = 14.0;
				MTL_ENABLE_DEBUG_INFO = NO;
				MTL_FAST_MATH = YES;
				PRODUCT_NAME = "$(TARGET_NAME)";
				SDKROOT = macosx;
				SWIFT_COMPILATION_MODE = wholemodule;
				SWIFT_OPTIMIZATION_LEVEL = "-O";
				SWIFT_VERSION = 5.0;
			};
			name = Release;
		};
		F576686BB42ACC411687AAC6 /* Debug */ = {
			isa = XCBuildConfiguration;
			buildSettings = {
				ASSETCATALOG_COMPILER_APPICON_NAME = AppIcon;
				ASSETCATALOG_COMPILER_GLOBAL_ACCENT_COLOR_NAME = AccentColor;
				AUTOMATION_APPLE_EVENTS = NO;
				CODE_SIGNING_ALLOWED = NO;
				CODE_SIGNING_REQUIRED = NO;
				CODE_SIGN_STYLE = Automatic;
				COMBINE_HIDPI_IMAGES = YES;
				CURRENT_PROJECT_VERSION = 0110;
				DEVELOPMENT_TEAM = ER43ZD2S4U;
				ENABLE_HARDENED_RUNTIME = YES;
				ENABLE_RESOURCE_ACCESS_AUDIO_INPUT = NO;
				ENABLE_RESOURCE_ACCESS_CALENDARS = NO;
				ENABLE_RESOURCE_ACCESS_CAMERA = NO;
				ENABLE_RESOURCE_ACCESS_CONTACTS = NO;
				ENABLE_RESOURCE_ACCESS_LOCATION = NO;
				ENABLE_RESOURCE_ACCESS_PHOTO_LIBRARY = NO;
				GENERATE_INFOPLIST_FILE = YES;
				INFOPLIST_KEY_CFBundleDisplayName = "GitHub Total Downloads";
				INFOPLIST_KEY_LSApplicationCategoryType = "public.app-category.developer-tools";
				INFOPLIST_KEY_NSHumanReadableCopyright = "Copyright © 2026 perez987";
				INFOPLIST_KEY_NSPrincipalClass = NSApplication;
				LD_RUNPATH_SEARCH_PATHS = (
					"$(inherited)",
					"@executable_path/../Frameworks",
				);
				MACOSX_DEPLOYMENT_TARGET = 14.0;
				MARKETING_VERSION = 1.1.0;
				PRODUCT_BUNDLE_IDENTIFIER = perez987.GHTotalDownloadsApp;
				PRODUCT_NAME = "$(TARGET_NAME)";
				PROVISIONING_PROFILE_SPECIFIER = "";
				RUNTIME_EXCEPTION_ALLOW_DYLD_ENVIRONMENT_VARIABLES = NO;
				RUNTIME_EXCEPTION_ALLOW_JIT = NO;
				RUNTIME_EXCEPTION_ALLOW_UNSIGNED_EXECUTABLE_MEMORY = NO;
				RUNTIME_EXCEPTION_DEBUGGING_TOOL = NO;
				RUNTIME_EXCEPTION_DISABLE_EXECUTABLE_PAGE_PROTECTION = NO;
				RUNTIME_EXCEPTION_DISABLE_LIBRARY_VALIDATION = NO;
				SDKROOT = macosx;
				SWIFT_EMIT_LOC_STRINGS = YES;
				SWIFT_VERSION = 5.0;
			};
			name = Debug;
		};
		FD1FCBE0877C40595CF4A8E5 /* Debug */ = {
			isa = XCBuildConfiguration;
			buildSettings = {
				ALWAYS_SEARCH_USER_PATHS = NO;
				CLANG_ANALYZER_NONNULL = YES;
				CLANG_ANALYZER_NUMBER_OBJECT_CONVERSION = YES_AGGRESSIVE;
				CLANG_CXX_LANGUAGE_STANDARD = "gnu++14";
				CLANG_CXX_LIBRARY = "libc++";
				CLANG_ENABLE_MODULES = YES;
				CLANG_ENABLE_OBJC_ARC = YES;
				CLANG_ENABLE_OBJC_WEAK = YES;
				CLANG_WARN_BLOCK_CAPTURE_AUTORELEASING = YES;
				CLANG_WARN_BOOL_CONVERSION = YES;
				CLANG_WARN_COMMA = YES;
				CLANG_WARN_CONSTANT_CONVERSION = YES;
				CLANG_WARN_DEPRECATED_OBJC_IMPLEMENTATIONS = YES;
				CLANG_WARN_DIRECT_OBJC_ISA_USAGE = YES_ERROR;
				CLANG_WARN_DOCUMENTATION_COMMENTS = YES;
				CLANG_WARN_EMPTY_BODY = YES;
				CLANG_WARN_ENUM_CONVERSION = YES;
				CLANG_WARN_INFINITE_RECURSION = YES;
				CLANG_WARN_INT_CONVERSION = YES;
				CLANG_WARN_NON_LITERAL_NULL_CONVERSION = YES;
				CLANG_WARN_OBJC_IMPLICIT_RETAIN_SELF = YES;
				CLANG_WARN_OBJC_LITERAL_CONVERSION = YES;
				CLANG_WARN_OBJC_ROOT_CLASS = YES_ERROR;
				CLANG_WARN_QUOTED_INCLUDE_IN_FRAMEWORK_HEADER = YES;
				CLANG_WARN_RANGE_LOOP_ANALYSIS = YES;
				CLANG_WARN_STRICT_PROTOTYPES = YES;
				CLANG_WARN_SUSPICIOUS_MOVE = YES;
				CLANG_WARN_UNGUARDED_AVAILABILITY = YES_AGGRESSIVE;
				CLANG_WARN_UNREACHABLE_CODE = YES;
				CLANG_WARN__DUPLICATE_METHOD_MATCH = YES;
				COPY_PHASE_STRIP = NO;
				DEBUG_INFORMATION_FORMAT = dwarf;
				ENABLE_STRICT_OBJC_MSGSEND = YES;
				ENABLE_TESTABILITY = YES;
				GCC_C_LANGUAGE_STANDARD = gnu11;
				GCC_DYNAMIC_NO_PIC = NO;
				GCC_NO_COMMON_BLOCKS = YES;
				GCC_OPTIMIZATION_LEVEL = 0;
				GCC_PREPROCESSOR_DEFINITIONS = (
					"DEBUG=1",
					"$(inherited)",
				);
				GCC_WARN_64_TO_32_BIT_CONVERSION = YES;
				GCC_WARN_ABOUT_RETURN_TYPE = YES_ERROR;
				GCC_WARN_UNDECLARED_SELECTOR = YES;
				GCC_WARN_UNINITIALIZED_AUTOS = YES_AGGRESSIVE;
				GCC_WARN_UNUSED_FUNCTION = YES;
				GCC_WARN_UNUSED_VARIABLE = YES;
				MACOSX_DEPLOYMENT_TARGET = 14.0;
				MTL_ENABLE_DEBUG_INFO = INCLUDE_SOURCE;
				MTL_FAST_MATH = YES;
				ONLY_ACTIVE_ARCH = YES;
				PRODUCT_NAME = "$(TARGET_NAME)";
				SDKROOT = macosx;
				SWIFT_ACTIVE_COMPILATION_CONDITIONS = DEBUG;
				SWIFT_OPTIMIZATION_LEVEL = "-Onone";
				SWIFT_VERSION = 5.0;
			};
			name = Debug;
		};
/* End XCBuildConfiguration section */

/* Begin XCConfigurationList section */
		A67B7790AF606BBF45C8D733 /* Build configuration list for PBXProject "GHTotalDownloads" */ = {
			isa = XCConfigurationList;
			buildConfigurations = (
				FD1FCBE0877C40595CF4A8E5 /* Debug */,
				CFB135F1B8FF654E720660C1 /* Release */,
			);
			defaultConfigurationIsVisible = 0;
			defaultConfigurationName = Release;
		};
		A84034A218FDB6EA3AEC917F /* Build configuration list for PBXNativeTarget "GH Total Downloads" */ = {
			isa = XCConfigurationList;
			buildConfigurations = (
				8254DF56B782A0D8AAC1C9DA /* Release */,
				F576686BB42ACC411687AAC6 /* Debug */,
			);
			defaultConfigurationIsVisible = 0;
			defaultConfigurationName = Release;
		};
/* End XCConfigurationList section */
	};
	rootObject = AC2503AB7A638BDD60EBC08F /* Project object */;
}
